
Microsoft Visual Studio Solution File, Format Version 12.00
# Visual Studio Version 17
VisualStudioVersion = 17.14.36414.22 d17.14
MinimumVisualStudioVersion = 10.0.40219.1
Project("{FAE04EC0-301F-11D3-BF4B-00C04F79EFBC}") = "TUGAS_FOR_FERLITA_AURAKANZA_XPPLG2", "TUGAS_FOR_FERLITA_AURAKANZA_XPPLG2\TUGAS_FOR_FERLITA_AURAKANZA_XPPLG2.csproj", "{9339CCAB-261D-4685-BC1C-D8E2DF854E1A}"
EndProject
Global
	GlobalSection(SolutionConfigurationPlatforms) = preSolution
		Debug|Any CPU = Debug|Any CPU
		Release|Any CPU = Release|Any CPU
	EndGlobalSection
	GlobalSection(ProjectConfigurationPlatforms) = postSolution
		{9339CCAB-261D-4685-BC1C-D8E2DF854E1A}.Debug|Any CPU.ActiveCfg = Debug|Any CPU
		{9339CCAB-261D-4685-BC1C-D8E2DF854E1A}.Debug|Any CPU.Build.0 = Debug|Any CPU
		{9339CCAB-261D-4685-BC1C-D8E2DF854E1A}.Release|Any CPU.ActiveCfg = Release|Any CPU
		{9339CCAB-261D-4685-BC1C-D8E2DF854E1A}.Release|Any CPU.Build.0 = Release|Any CPU
	EndGlobalSection
	GlobalSection(SolutionProperties) = preSolution
		HideSolutionNode = FALSE
	EndGlobalSection
	GlobalSection(ExtensibilityGlobals) = postSolution
		SolutionGuid = {F63FAE06-3ACB-4996-9D44-BA91C1007438}
	EndGlobalSection
EndGlobal
