
Microsoft Visual Studio Solution File, Format Version 12.00
# Visual Studio Version 17
VisualStudioVersion = 17.14.36414.22 d17.14
MinimumVisualStudioVersion = 10.0.40219.1
Project("{FAE04EC0-301F-11D3-BF4B-00C04F79EFBC}") = "PRATIK_6.4_FERLITTA_AURAKANZA_XPPLG2", "PRATIK_6.4_FERLITTA_AURAKANZA_XPPLG2\PRATIK_6.4_FERLITTA_AURAKANZA_XPPLG2.csproj", "{1DD999BD-4A7A-4A05-B2C3-0504CD09244A}"
EndProject
Global
	GlobalSection(SolutionConfigurationPlatforms) = preSolution
		Debug|Any CPU = Debug|Any CPU
		Release|Any CPU = Release|Any CPU
	EndGlobalSection
	GlobalSection(ProjectConfigurationPlatforms) = postSolution
		{1DD999BD-4A7A-4A05-B2C3-0504CD09244A}.Debug|Any CPU.ActiveCfg = Debug|Any CPU
		{1DD999BD-4A7A-4A05-B2C3-0504CD09244A}.Debug|Any CPU.Build.0 = Debug|Any CPU
		{1DD999BD-4A7A-4A05-B2C3-0504CD09244A}.Release|Any CPU.ActiveCfg = Release|Any CPU
		{1DD999BD-4A7A-4A05-B2C3-0504CD09244A}.Release|Any CPU.Build.0 = Release|Any CPU
	EndGlobalSection
	GlobalSection(SolutionProperties) = preSolution
		HideSolutionNode = FALSE
	EndGlobalSection
	GlobalSection(ExtensibilityGlobals) = postSolution
		SolutionGuid = {5635807F-043C-423E-8A93-80815F1F3DD8}
	EndGlobalSection
EndGlobal
