
Microsoft Visual Studio Solution File, Format Version 12.00
# Visual Studio Version 17
VisualStudioVersion = 17.14.36414.22 d17.14
MinimumVisualStudioVersion = 10.0.40219.1
Project("{FAE04EC0-301F-11D3-BF4B-00C04F79EFBC}") = "PRAKTIK3.1_FERLITA AURAKNZA_XPPLG2", "PRAKTIK3.1_FERLITA AURAKNZA_XPPLG2\PRAKTIK3.1_FERLITA AURAKNZA_XPPLG2.csproj", "{9D8F4BF8-AE8F-4C10-8B32-430AE4A91FDC}"
EndProject
Global
	GlobalSection(SolutionConfigurationPlatforms) = preSolution
		Debug|Any CPU = Debug|Any CPU
		Release|Any CPU = Release|Any CPU
	EndGlobalSection
	GlobalSection(ProjectConfigurationPlatforms) = postSolution
		{9D8F4BF8-AE8F-4C10-8B32-430AE4A91FDC}.Debug|Any CPU.ActiveCfg = Debug|Any CPU
		{9D8F4BF8-AE8F-4C10-8B32-430AE4A91FDC}.Debug|Any CPU.Build.0 = Debug|Any CPU
		{9D8F4BF8-AE8F-4C10-8B32-430AE4A91FDC}.Release|Any CPU.ActiveCfg = Release|Any CPU
		{9D8F4BF8-AE8F-4C10-8B32-430AE4A91FDC}.Release|Any CPU.Build.0 = Release|Any CPU
	EndGlobalSection
	GlobalSection(SolutionProperties) = preSolution
		HideSolutionNode = FALSE
	EndGlobalSection
	GlobalSection(ExtensibilityGlobals) = postSolution
		SolutionGuid = {6DAB8279-8F88-4528-B928-B4268F9F2DFF}
	EndGlobalSection
EndGlobal
