
Microsoft Visual Studio Solution File, Format Version 12.00
# Visual Studio Version 17
VisualStudioVersion = 17.14.36414.22 d17.14
MinimumVisualStudioVersion = 10.0.40219.1
Project("{FAE04EC0-301F-11D3-BF4B-00C04F79EFBC}") = "PRAKTIK_6.8_FERLITA_AURAKANZA_XPPLG2", "PRAKTIK_6.8_FERLITA_AURAKANZA_XPPLG2\PRAKTIK_6.8_FERLITA_AURAKANZA_XPPLG2.csproj", "{B248A50C-D22A-4A5D-AF8A-3656887AA90A}"
EndProject
Global
	GlobalSection(SolutionConfigurationPlatforms) = preSolution
		Debug|Any CPU = Debug|Any CPU
		Release|Any CPU = Release|Any CPU
	EndGlobalSection
	GlobalSection(ProjectConfigurationPlatforms) = postSolution
		{B248A50C-D22A-4A5D-AF8A-3656887AA90A}.Debug|Any CPU.ActiveCfg = Debug|Any CPU
		{B248A50C-D22A-4A5D-AF8A-3656887AA90A}.Debug|Any CPU.Build.0 = Debug|Any CPU
		{B248A50C-D22A-4A5D-AF8A-3656887AA90A}.Release|Any CPU.ActiveCfg = Release|Any CPU
		{B248A50C-D22A-4A5D-AF8A-3656887AA90A}.Release|Any CPU.Build.0 = Release|Any CPU
	EndGlobalSection
	GlobalSection(SolutionProperties) = preSolution
		HideSolutionNode = FALSE
	EndGlobalSection
	GlobalSection(ExtensibilityGlobals) = postSolution
		SolutionGuid = {1CBE9EF1-C926-433C-8B71-02E4F1ED9BB5}
	EndGlobalSection
EndGlobal
