
Microsoft Visual Studio Solution File, Format Version 12.00
# Visual Studio Version 17
VisualStudioVersion = 17.14.36414.22 d17.14
MinimumVisualStudioVersion = 10.0.40219.1
Project("{FAE04EC0-301F-11D3-BF4B-00C04F79EFBC}") = "PRAKTK_6.5_FERLITA_AURAKANZA_XPPLG2", "PRAKTK_6.5_FERLITA_AURAKANZA_XPPLG2\PRAKTK_6.5_FERLITA_AURAKANZA_XPPLG2.csproj", "{7C2E53FE-238F-45DD-AA81-3D568C8CF0EA}"
EndProject
Global
	GlobalSection(SolutionConfigurationPlatforms) = preSolution
		Debug|Any CPU = Debug|Any CPU
		Release|Any CPU = Release|Any CPU
	EndGlobalSection
	GlobalSection(ProjectConfigurationPlatforms) = postSolution
		{7C2E53FE-238F-45DD-AA81-3D568C8CF0EA}.Debug|Any CPU.ActiveCfg = Debug|Any CPU
		{7C2E53FE-238F-45DD-AA81-3D568C8CF0EA}.Debug|Any CPU.Build.0 = Debug|Any CPU
		{7C2E53FE-238F-45DD-AA81-3D568C8CF0EA}.Release|Any CPU.ActiveCfg = Release|Any CPU
		{7C2E53FE-238F-45DD-AA81-3D568C8CF0EA}.Release|Any CPU.Build.0 = Release|Any CPU
	EndGlobalSection
	GlobalSection(SolutionProperties) = preSolution
		HideSolutionNode = FALSE
	EndGlobalSection
	GlobalSection(ExtensibilityGlobals) = postSolution
		SolutionGuid = {3DE51FC9-870E-4EE6-9533-FA23B3BB29B5}
	EndGlobalSection
EndGlobal
